
Microsoft Visual Studio Solution File, Format Version 12.00
Project("{FAE04EC0-301F-11D3-BF4B-00C04F79EFBC}") = "Animals", "Animals\Animals.csproj", "{A79DCC8F-618D-4D44-996D-1DB6DEFA32CF}"
EndProject
Global
	GlobalSection(SolutionConfigurationPlatforms) = preSolution
		Debug|Any CPU = Debug|Any CPU
		Release|Any CPU = Release|Any CPU
	EndGlobalSection
	GlobalSection(ProjectConfigurationPlatforms) = postSolution
		{A79DCC8F-618D-4D44-996D-1DB6DEFA32CF}.Debug|Any CPU.ActiveCfg = Debug|Any CPU
		{A79DCC8F-618D-4D44-996D-1DB6DEFA32CF}.Debug|Any CPU.Build.0 = Debug|Any CPU
		{A79DCC8F-618D-4D44-996D-1DB6DEFA32CF}.Release|Any CPU.ActiveCfg = Release|Any CPU
		{A79DCC8F-618D-4D44-996D-1DB6DEFA32CF}.Release|Any CPU.Build.0 = Release|Any CPU
	EndGlobalSection
EndGlobal
